
Microsoft Visual Studio Solution File, Format Version 12.00
# Visual Studio Version 17
VisualStudioVersion = 17.14.36408.4
MinimumVisualStudioVersion = 10.0.40219.1
Project("{FAE04EC0-301F-11D3-BF4B-00C04F79EFBC}") = "BookStore.API", "BookStore\BookStore.API.csproj", "{D623855C-DDE2-458F-A151-1D5EC0F10193}"
EndProject
Project("{FAE04EC0-301F-11D3-BF4B-00C04F79EFBC}") = "BookStore.Core", "BookStore.Core\BookStore.Core.csproj", "{5C2DEFFD-C541-4E84-BA9E-9945EDFEA364}"
EndProject
Project("{FAE04EC0-301F-11D3-BF4B-00C04F79EFBC}") = "BookStore.DataAccess", "BookStore.DataAccess\BookStore.DataAccess.csproj", "{C08770C0-9FF7-4A2C-A461-814950EF5E25}"
EndProject
Project("{FAE04EC0-301F-11D3-BF4B-00C04F79EFBC}") = "BookStore.Application", "BookStore.Application\BookStore.Application.csproj", "{A435BE1B-5895-44E0-8914-100D3B9E4065}"
EndProject
Global
	GlobalSection(SolutionConfigurationPlatforms) = preSolution
		Debug|Any CPU = Debug|Any CPU
		Release|Any CPU = Release|Any CPU
	EndGlobalSection
	GlobalSection(ProjectConfigurationPlatforms) = postSolution
		{D623855C-DDE2-458F-A151-1D5EC0F10193}.Debug|Any CPU.ActiveCfg = Debug|Any CPU
		{D623855C-DDE2-458F-A151-1D5EC0F10193}.Debug|Any CPU.Build.0 = Debug|Any CPU
		{D623855C-DDE2-458F-A151-1D5EC0F10193}.Release|Any CPU.ActiveCfg = Release|Any CPU
		{D623855C-DDE2-458F-A151-1D5EC0F10193}.Release|Any CPU.Build.0 = Release|Any CPU
		{5C2DEFFD-C541-4E84-BA9E-9945EDFEA364}.Debug|Any CPU.ActiveCfg = Debug|Any CPU
		{5C2DEFFD-C541-4E84-BA9E-9945EDFEA364}.Debug|Any CPU.Build.0 = Debug|Any CPU
		{5C2DEFFD-C541-4E84-BA9E-9945EDFEA364}.Release|Any CPU.ActiveCfg = Release|Any CPU
		{5C2DEFFD-C541-4E84-BA9E-9945EDFEA364}.Release|Any CPU.Build.0 = Release|Any CPU
		{C08770C0-9FF7-4A2C-A461-814950EF5E25}.Debug|Any CPU.ActiveCfg = Debug|Any CPU
		{C08770C0-9FF7-4A2C-A461-814950EF5E25}.Debug|Any CPU.Build.0 = Debug|Any CPU
		{C08770C0-9FF7-4A2C-A461-814950EF5E25}.Release|Any CPU.ActiveCfg = Release|Any CPU
		{C08770C0-9FF7-4A2C-A461-814950EF5E25}.Release|Any CPU.Build.0 = Release|Any CPU
		{A435BE1B-5895-44E0-8914-100D3B9E4065}.Debug|Any CPU.ActiveCfg = Debug|Any CPU
		{A435BE1B-5895-44E0-8914-100D3B9E4065}.Debug|Any CPU.Build.0 = Debug|Any CPU
		{A435BE1B-5895-44E0-8914-100D3B9E4065}.Release|Any CPU.ActiveCfg = Release|Any CPU
		{A435BE1B-5895-44E0-8914-100D3B9E4065}.Release|Any CPU.Build.0 = Release|Any CPU
	EndGlobalSection
	GlobalSection(SolutionProperties) = preSolution
		HideSolutionNode = FALSE
	EndGlobalSection
	GlobalSection(ExtensibilityGlobals) = postSolution
		SolutionGuid = {245A37AE-2F1B-475D-B0B2-9294825F53D8}
	EndGlobalSection
EndGlobal
